// !$*UTF8*$!
{
	archiveVersion = 1;
	classes = {
	};
	objectVersion = 50;
	objects = {

/* Begin PBXBuildFile section */
		01AF85A422004AF500947D6F /* AppDelegate.swift in Sources */ = {isa = PBXBuildFile; fileRef = 01AF85A322004AF500947D6F /* AppDelegate.swift */; };
		01AF85A622004AF500947D6F /* ViewController.swift in Sources */ = {isa = PBXBuildFile; fileRef = 01AF85A522004AF500947D6F /* ViewController.swift */; };
		01AF85A922004AF500947D6F /* Main.storyboard in Resources */ = {isa = PBXBuildFile; fileRef = 01AF85A722004AF500947D6F /* Main.storyboard */; };
		01AF85AB22004AF700947D6F /* Assets.xcassets in Resources */ = {isa = PBXBuildFile; fileRef = 01AF85AA22004AF700947D6F /* Assets.xcassets */; };
		01AF85AE22004AF700947D6F /* LaunchScreen.storyboard in Resources */ = {isa = PBXBuildFile; fileRef = 01AF85AC22004AF700947D6F /* LaunchScreen.storyboard */; };
		01AF85B722004DFC00947D6F /* userPosts.swift in Sources */ = {isa = PBXBuildFile; fileRef = 01AF85B622004DFC00947D6F /* userPosts.swift */; };
		01AF85B922004EF200947D6F /* PostParser.swift in Sources */ = {isa = PBXBuildFile; fileRef = 01AF85B822004EF200947D6F /* PostParser.swift */; };
/* End PBXBuildFile section */

/* Begin PBXFileReference section */
		01AF85A022004AF500947D6F /* HelloRest.app */ = {isa = PBXFileReference; explicitFileType = wrapper.application; includeInIndex = 0; path = HelloRest.app; sourceTree = BUILT_PRODUCTS_DIR; };
		01AF85A322004AF500947D6F /* AppDelegate.swift */ = {isa = PBXFileReference; lastKnownFileType = sourcecode.swift; path = AppDelegate.swift; sourceTree = "<group>"; };
		01AF85A522004AF500947D6F /* ViewController.swift */ = {isa = PBXFileReference; lastKnownFileType = sourcecode.swift; path = ViewController.swift; sourceTree = "<group>"; };
		01AF85A822004AF500947D6F /* Base */ = {isa = PBXFileReference; lastKnownFileType = file.storyboard; name = Base; path = Base.lproj/Main.storyboard; sourceTree = "<group>"; };
		01AF85AA22004AF700947D6F /* Assets.xcassets */ = {isa = PBXFileReference; lastKnownFileType = folder.assetcatalog; path = Assets.xcassets; sourceTree = "<group>"; };
		01AF85AD22004AF700947D6F /* Base */ = {isa = PBXFileReference; lastKnownFileType = file.storyboard; name = Base; path = Base.lproj/LaunchScreen.storyboard; sourceTree = "<group>"; };
		01AF85AF22004AF700947D6F /* Info.plist */ = {isa = PBXFileReference; lastKnownFileType = text.plist.xml; path = Info.plist; sourceTree = "<group>"; };
		01AF85B622004DFC00947D6F /* userPosts.swift */ = {isa = PBXFileReference; lastKnownFileType = sourcecode.swift; path = userPosts.swift; sourceTree = "<group>"; };
		01AF85B822004EF200947D6F /* PostParser.swift */ = {isa = PBXFileReference; lastKnownFileType = sourcecode.swift; path = PostParser.swift; sourceTree = "<group>"; };
/* End PBXFileReference section */

/* Begin PBXFrameworksBuildPhase section */
		01AF859D22004AF500947D6F /* Frameworks */ = {
			isa = PBXFrameworksBuildPhase;
			buildActionMask = 2147483647;
			files = (
			);
			runOnlyForDeploymentPostprocessing = 0;
		};
/* End PBXFrameworksBuildPhase section */

/* Begin PBXGroup section */
		01AF859722004AF500947D6F = {
			isa = PBXGroup;
			children = (
				01AF85A222004AF500947D6F /* HelloRest */,
				01AF85A122004AF500947D6F /* Products */,
			);
			sourceTree = "<group>";
		};
		01AF85A122004AF500947D6F /* Products */ = {
			isa = PBXGroup;
			children = (
				01AF85A022004AF500947D6F /* HelloRest.app */,
			);
			name = Products;
			sourceTree = "<group>";
		};
		01AF85A222004AF500947D6F /* HelloRest */ = {
			isa = PBXGroup;
			children = (
				01AF85B522004DD500947D6F /* model */,
				01AF85A722004AF500947D6F /* Main.storyboard */,
				01AF85A322004AF500947D6F /* AppDelegate.swift */,
				01AF85A522004AF500947D6F /* ViewController.swift */,
				01AF85AA22004AF700947D6F /* Assets.xcassets */,
				01AF85AC22004AF700947D6F /* LaunchScreen.storyboard */,
				01AF85AF22004AF700947D6F /* Info.plist */,
			);
			path = HelloRest;
			sourceTree = "<group>";
		};
		01AF85B522004DD500947D6F /* model */ = {
			isa = PBXGroup;
			children = (
				01AF85B622004DFC00947D6F /* userPosts.swift */,
				01AF85B822004EF200947D6F /* PostParser.swift */,
			);
			path = model;
			sourceTree = "<group>";
		};
/* End PBXGroup section */

/* Begin PBXNativeTarget section */
		01AF859F22004AF500947D6F /* HelloRest */ = {
			isa = PBXNativeTarget;
			buildConfigurationList = 01AF85B222004AF700947D6F /* Build configuration list for PBXNativeTarget "HelloRest" */;
			buildPhases = (
				01AF859C22004AF500947D6F /* Sources */,
				01AF859D22004AF500947D6F /* Frameworks */,
				01AF859E22004AF500947D6F /* Resources */,
			);
			buildRules = (
			);
			dependencies = (
			);
			name = HelloRest;
			productName = HelloRest;
			productReference = 01AF85A022004AF500947D6F /* HelloRest.app */;
			productType = "com.apple.product-type.application";
		};
/* End PBXNativeTarget section */

/* Begin PBXProject section */
		01AF859822004AF500947D6F /* Project object */ = {
			isa = PBXProject;
			attributes = {
				LastSwiftUpdateCheck = 1010;
				LastUpgradeCheck = 1010;
				ORGANIZATIONNAME = mobapp12;
				TargetAttributes = {
					01AF859F22004AF500947D6F = {
						CreatedOnToolsVersion = 10.1;
					};
				};
			};
			buildConfigurationList = 01AF859B22004AF500947D6F /* Build configuration list for PBXProject "HelloRest" */;
			compatibilityVersion = "Xcode 9.3";
			developmentRegion = en;
			hasScannedForEncodings = 0;
			knownRegions = (
				en,
				Base,
			);
			mainGroup = 01AF859722004AF500947D6F;
			productRefGroup = 01AF85A122004AF500947D6F /* Products */;
			projectDirPath = "";
			projectRoot = "";
			targets = (
				01AF859F22004AF500947D6F /* HelloRest */,
			);
		};
/* End PBXProject section */

/* Begin PBXResourcesBuildPhase section */
		01AF859E22004AF500947D6F /* Resources */ = {
			isa = PBXResourcesBuildPhase;
			buildActionMask = 2147483647;
			files = (
				01AF85AE22004AF700947D6F /* LaunchScreen.storyboard in Resources */,
				01AF85AB22004AF700947D6F /* Assets.xcassets in Resources */,
				01AF85A922004AF500947D6F /* Main.storyboard in Resources */,
			);
			runOnlyForDeploymentPostprocessing = 0;
		};
/* End PBXResourcesBuildPhase section */

/* Begin PBXSourcesBuildPhase section */
		01AF859C22004AF500947D6F /* Sources */ = {
			isa = PBXSourcesBuildPhase;
			buildActionMask = 2147483647;
			files = (
				01AF85A622004AF500947D6F /* ViewController.swift in Sources */,
				01AF85B722004DFC00947D6F /* userPosts.swift in Sources */,
				01AF85B922004EF200947D6F /* PostParser.swift in Sources */,
				01AF85A422004AF500947D6F /* AppDelegate.swift in Sources */,
			);
			runOnlyForDeploymentPostprocessing = 0;
		};
/* End PBXSourcesBuildPhase section */

/* Begin PBXVariantGroup section */
		01AF85A722004AF500947D6F /* Main.storyboard */ = {
			isa = PBXVariantGroup;
			children = (
				01AF85A822004AF500947D6F /* Base */,
			);
			name = Main.storyboard;
			sourceTree = "<group>";
		};
		01AF85AC22004AF700947D6F /* LaunchScreen.storyboard */ = {
			isa = PBXVariantGroup;
			children = (
				01AF85AD22004AF700947D6F /* Base */,
			);
			name = LaunchScreen.storyboard;
			sourceTree = "<group>";
		};
/* End PBXVariantGroup section */

/* Begin XCBuildConfiguration section */
		01AF85B022004AF700947D6F /* Debug */ = {
			isa = XCBuildConfiguration;
			buildSettings = {
				ALWAYS_SEARCH_USER_PATHS = NO;
				CLANG_ANALYZER_NONNULL = YES;
				CLANG_ANALYZER_NUMBER_OBJECT_CONVERSION = YES_AGGRESSIVE;
				CLANG_CXX_LANGUAGE_STANDARD = "gnu++14";
				CLANG_CXX_LIBRARY = "libc++";
				CLANG_ENABLE_MODULES = YES;
				CLANG_ENABLE_OBJC_ARC = YES;
				CLANG_ENABLE_OBJC_WEAK = YES;
				CLANG_WARN_BLOCK_CAPTURE_AUTORELEASING = YES;
				CLANG_WARN_BOOL_CONVERSION = YES;
				CLANG_WARN_COMMA = YES;
				CLANG_WARN_CONSTANT_CONVERSION = YES;
				CLANG_WARN_DEPRECATED_OBJC_IMPLEMENTATIONS = YES;
				CLANG_WARN_DIRECT_OBJC_ISA_USAGE = YES_ERROR;
				CLANG_WARN_DOCUMENTATION_COMMENTS = YES;
				CLANG_WARN_EMPTY_BODY = YES;
				CLANG_WARN_ENUM_CONVERSION = YES;
				CLANG_WARN_INFINITE_RECURSION = YES;
				CLANG_WARN_INT_CONVERSION = YES;
				CLANG_WARN_NON_LITERAL_NULL_CONVERSION = YES;
				CLANG_WARN_OBJC_IMPLICIT_RETAIN_SELF = YES;
				CLANG_WARN_OBJC_LITERAL_CONVERSION = YES;
				CLANG_WARN_OBJC_ROOT_CLASS = YES_ERROR;
				CLANG_WARN_RANGE_LOOP_ANALYSIS = YES;
				CLANG_WARN_STRICT_PROTOTYPES = YES;
				CLANG_WARN_SUSPICIOUS_MOVE = YES;
				CLANG_WARN_UNGUARDED_AVAILABILITY = YES_AGGRESSIVE;
				CLANG_WARN_UNREACHABLE_CODE = YES;
				CLANG_WARN__DUPLICATE_METHOD_MATCH = YES;
				CODE_SIGN_IDENTITY = "iPhone Developer";
				COPY_PHASE_STRIP = NO;
				DEBUG_INFORMATION_FORMAT = dwarf;
				ENABLE_STRICT_OBJC_MSGSEND = YES;
				ENABLE_TESTABILITY = YES;
				GCC_C_LANGUAGE_STANDARD = gnu11;
				GCC_DYNAMIC_NO_PIC = NO;
				GCC_NO_COMMON_BLOCKS = YES;
				GCC_OPTIMIZATION_LEVEL = 0;
				GCC_PREPROCESSOR_DEFINITIONS = (
					"DEBUG=1",
					"$(inherited)",
				);
				GCC_WARN_64_TO_32_BIT_CONVERSION = YES;
				GCC_WARN_ABOUT_RETURN_TYPE = YES_ERROR;
				GCC_WARN_UNDECLARED_SELECTOR = YES;
				GCC_WARN_UNINITIALIZED_AUTOS = YES_AGGRESSIVE;
				GCC_WARN_UNUSED_FUNCTION = YES;
				GCC_WARN_UNUSED_VARIABLE = YES;
				IPHONEOS_DEPLOYMENT_TARGET = 12.1;
				MTL_ENABLE_DEBUG_INFO = INCLUDE_SOURCE;
				MTL_FAST_MATH = YES;
				ONLY_ACTIVE_ARCH = YES;
				SDKROOT = iphoneos;
				SWIFT_ACTIVE_COMPILATION_CONDITIONS = DEBUG;
				SWIFT_OPTIMIZATION_LEVEL = "-Onone";
			};
			name = Debug;
		};
		01AF85B122004AF700947D6F /* Release */ = {
			isa = XCBuildConfiguration;
			buildSettings = {
				ALWAYS_SEARCH_USER_PATHS = NO;
				CLANG_ANALYZER_NONNULL = YES;
				CLANG_ANALYZER_NUMBER_OBJECT_CONVERSION = YES_AGGRESSIVE;
				CLANG_CXX_LANGUAGE_STANDARD = "gnu++14";
				CLANG_CXX_LIBRARY = "libc++";
				CLANG_ENABLE_MODULES = YES;
				CLANG_ENABLE_OBJC_ARC = YES;
				CLANG_ENABLE_OBJC_WEAK = YES;
				CLANG_WARN_BLOCK_CAPTURE_AUTORELEASING = YES;
				CLANG_WARN_BOOL_CONVERSION = YES;
				CLANG_WARN_COMMA = YES;
				CLANG_WARN_CONSTANT_CONVERSION = YES;
				CLANG_WARN_DEPRECATED_OBJC_IMPLEMENTATIONS = YES;
				CLANG_WARN_DIRECT_OBJC_ISA_USAGE = YES_ERROR;
				CLANG_WARN_DOCUMENTATION_COMMENTS = YES;
				CLANG_WARN_EMPTY_BODY = YES;
				CLANG_WARN_ENUM_CONVERSION = YES;
				CLANG_WARN_INFINITE_RECURSION = YES;
				CLANG_WARN_INT_CONVERSION = YES;
				CLANG_WARN_NON_LITERAL_NULL_CONVERSION = YES;
				CLANG_WARN_OBJC_IMPLICIT_RETAIN_SELF = YES;
				CLANG_WARN_OBJC_LITERAL_CONVERSION = YES;
				CLANG_WARN_OBJC_ROOT_CLASS = YES_ERROR;
				CLANG_WARN_RANGE_LOOP_ANALYSIS = YES;
				CLANG_WARN_STRICT_PROTOTYPES = YES;
				CLANG_WARN_SUSPICIOUS_MOVE = YES;
				CLANG_WARN_UNGUARDED_AVAILABILITY = YES_AGGRESSIVE;
				CLANG_WARN_UNREACHABLE_CODE = YES;
				CLANG_WARN__DUPLICATE_METHOD_MATCH = YES;
				CODE_SIGN_IDENTITY = "iPhone Developer";
				COPY_PHASE_STRIP = NO;
				DEBUG_INFORMATION_FORMAT = "dwarf-with-dsym";
				ENABLE_NS_ASSERTIONS = NO;
				ENABLE_STRICT_OBJC_MSGSEND = YES;
				GCC_C_LANGUAGE_STANDARD = gnu11;
				GCC_NO_COMMON_BLOCKS = YES;
				GCC_WARN_64_TO_32_BIT_CONVERSION = YES;
				GCC_WARN_ABOUT_RETURN_TYPE = YES_ERROR;
				GCC_WARN_UNDECLARED_SELECTOR = YES;
				GCC_WARN_UNINITIALIZED_AUTOS = YES_AGGRESSIVE;
				GCC_WARN_UNUSED_FUNCTION = YES;
				GCC_WARN_UNUSED_VARIABLE = YES;
				IPHONEOS_DEPLOYMENT_TARGET = 12.1;
				MTL_ENABLE_DEBUG_INFO = NO;
				MTL_FAST_MATH = YES;
				SDKROOT = iphoneos;
				SWIFT_COMPILATION_MODE = wholemodule;
				SWIFT_OPTIMIZATION_LEVEL = "-O";
				VALIDATE_PRODUCT = YES;
			};
			name = Release;
		};
		01AF85B322004AF700947D6F /* Debug */ = {
			isa = XCBuildConfiguration;
			buildSettings = {
				ASSETCATALOG_COMPILER_APPICON_NAME = AppIcon;
				CODE_SIGN_STYLE = Automatic;
				INFOPLIST_FILE = HelloRest/Info.plist;
				LD_RUNPATH_SEARCH_PATHS = (
					"$(inherited)",
					"@executable_path/Frameworks",
				);
				PRODUCT_BUNDLE_IDENTIFIER = be.ehb.HelloRest;
				PRODUCT_NAME = "$(TARGET_NAME)";
				SWIFT_VERSION = 4.2;
				TARGETED_DEVICE_FAMILY = 1;
			};
			name = Debug;
		};
		01AF85B422004AF700947D6F /* Release */ = {
			isa = XCBuildConfiguration;
			buildSettings = {
				ASSETCATALOG_COMPILER_APPICON_NAME = AppIcon;
				CODE_SIGN_STYLE = Automatic;
				INFOPLIST_FILE = HelloRest/Info.plist;
				LD_RUNPATH_SEARCH_PATHS = (
					"$(inherited)",
					"@executable_path/Frameworks",
				);
				PRODUCT_BUNDLE_IDENTIFIER = be.ehb.HelloRest;
				PRODUCT_NAME = "$(TARGET_NAME)";
				SWIFT_VERSION = 4.2;
				TARGETED_DEVICE_FAMILY = 1;
			};
			name = Release;
		};
/* End XCBuildConfiguration section */

/* Begin XCConfigurationList section */
		01AF859B22004AF500947D6F /* Build configuration list for PBXProject "HelloRest" */ = {
			isa = XCConfigurationList;
			buildConfigurations = (
				01AF85B022004AF700947D6F /* Debug */,
				01AF85B122004AF700947D6F /* Release */,
			);
			defaultConfigurationIsVisible = 0;
			defaultConfigurationName = Release;
		};
		01AF85B222004AF700947D6F /* Build configuration list for PBXNativeTarget "HelloRest" */ = {
			isa = XCConfigurationList;
			buildConfigurations = (
				01AF85B322004AF700947D6F /* Debug */,
				01AF85B422004AF700947D6F /* Release */,
			);
			defaultConfigurationIsVisible = 0;
			defaultConfigurationName = Release;
		};
/* End XCConfigurationList section */
	};
	rootObject = 01AF859822004AF500947D6F /* Project object */;
}
